// !$*UTF8*$!
{
	archiveVersion = 1;
	classes = {
	};
	objectVersion = 46;
	objects = {

/* Begin PBXBuildFile section */
		79FBD4EC1AC0EC420021FB3F /* AppDelegate.swift in Sources */ = {isa = PBXBuildFile; fileRef = 79FBD4EB1AC0EC420021FB3F /* AppDelegate.swift */; };
		79FBD4EE1AC0EC420021FB3F /* ViewController.swift in Sources */ = {isa = PBXBuildFile; fileRef = 79FBD4ED1AC0EC420021FB3F /* ViewController.swift */; };
		79FBD4F11AC0EC420021FB3F /* Main.storyboard in Resources */ = {isa = PBXBuildFile; fileRef = 79FBD4EF1AC0EC420021FB3F /* Main.storyboard */; };
		79FBD4F31AC0EC420021FB3F /* Images.xcassets in Resources */ = {isa = PBXBuildFile; fileRef = 79FBD4F21AC0EC420021FB3F /* Images.xcassets */; };
		79FBD4F61AC0EC420021FB3F /* LaunchScreen.xib in Resources */ = {isa = PBXBuildFile; fileRef = 79FBD4F41AC0EC420021FB3F /* LaunchScreen.xib */; };
		79FBD5021AC0EC430021FB3F /* SliderWidgetTests.swift in Sources */ = {isa = PBXBuildFile; fileRef = 79FBD5011AC0EC430021FB3F /* SliderWidgetTests.swift */; };
		79FBD5181AC0F1B00021FB3F /* Background@1x.png in Resources */ = {isa = PBXBuildFile; fileRef = 79FBD50F1AC0F1B00021FB3F /* Background@1x.png */; };
		79FBD5191AC0F1B00021FB3F /* Background@2x.png in Resources */ = {isa = PBXBuildFile; fileRef = 79FBD5101AC0F1B00021FB3F /* Background@2x.png */; };
		79FBD51A1AC0F1B00021FB3F /* Background@3x.png in Resources */ = {isa = PBXBuildFile; fileRef = 79FBD5111AC0F1B00021FB3F /* Background@3x.png */; };
		79FBD51B1AC0F1B00021FB3F /* ForegroundTicker.png in Resources */ = {isa = PBXBuildFile; fileRef = 79FBD5121AC0F1B00021FB3F /* ForegroundTicker.png */; };
		79FBD51C1AC0F1B00021FB3F /* ForegroundTicker@2x.png in Resources */ = {isa = PBXBuildFile; fileRef = 79FBD5131AC0F1B00021FB3F /* ForegroundTicker@2x.png */; };
		79FBD51D1AC0F1B00021FB3F /* ForegroundTicker@3x.png in Resources */ = {isa = PBXBuildFile; fileRef = 79FBD5141AC0F1B00021FB3F /* ForegroundTicker@3x.png */; };
		79FBD51E1AC0F1B00021FB3F /* Slider Marks.png in Resources */ = {isa = PBXBuildFile; fileRef = 79FBD5151AC0F1B00021FB3F /* Slider Marks.png */; };
		79FBD51F1AC0F1B00021FB3F /* Slider Marks@2x.png in Resources */ = {isa = PBXBuildFile; fileRef = 79FBD5161AC0F1B00021FB3F /* Slider Marks@2x.png */; };
		79FBD5201AC0F1B00021FB3F /* Slider Marks@3x.png in Resources */ = {isa = PBXBuildFile; fileRef = 79FBD5171AC0F1B00021FB3F /* Slider Marks@3x.png */; };
		79FBD5221AC113970021FB3F /* SliderWidget.swift in Sources */ = {isa = PBXBuildFile; fileRef = 79FBD5211AC113970021FB3F /* SliderWidget.swift */; };
		79FBD5241AC113B50021FB3F /* SliderWidget.xib in Resources */ = {isa = PBXBuildFile; fileRef = 79FBD5231AC113B50021FB3F /* SliderWidget.xib */; };
/* End PBXBuildFile section */

/* Begin PBXContainerItemProxy section */
		79FBD4FC1AC0EC420021FB3F /* PBXContainerItemProxy */ = {
			isa = PBXContainerItemProxy;
			containerPortal = 79FBD4DE1AC0EC420021FB3F /* Project object */;
			proxyType = 1;
			remoteGlobalIDString = 79FBD4E51AC0EC420021FB3F;
			remoteInfo = SliderWidget;
		};
/* End PBXContainerItemProxy section */

/* Begin PBXFileReference section */
		79FBD4E61AC0EC420021FB3F /* SliderWidget.app */ = {isa = PBXFileReference; explicitFileType = wrapper.application; includeInIndex = 0; path = SliderWidget.app; sourceTree = BUILT_PRODUCTS_DIR; };
		79FBD4EA1AC0EC420021FB3F /* Info.plist */ = {isa = PBXFileReference; lastKnownFileType = text.plist.xml; path = Info.plist; sourceTree = "<group>"; };
		79FBD4EB1AC0EC420021FB3F /* AppDelegate.swift */ = {isa = PBXFileReference; lastKnownFileType = sourcecode.swift; path = AppDelegate.swift; sourceTree = "<group>"; };
		79FBD4ED1AC0EC420021FB3F /* ViewController.swift */ = {isa = PBXFileReference; lastKnownFileType = sourcecode.swift; path = ViewController.swift; sourceTree = "<group>"; };
		79FBD4F01AC0EC420021FB3F /* Base */ = {isa = PBXFileReference; lastKnownFileType = file.storyboard; name = Base; path = Base.lproj/Main.storyboard; sourceTree = "<group>"; };
		79FBD4F21AC0EC420021FB3F /* Images.xcassets */ = {isa = PBXFileReference; lastKnownFileType = folder.assetcatalog; path = Images.xcassets; sourceTree = "<group>"; };
		79FBD4F51AC0EC420021FB3F /* Base */ = {isa = PBXFileReference; lastKnownFileType = file.xib; name = Base; path = Base.lproj/LaunchScreen.xib; sourceTree = "<group>"; };
		79FBD4FB1AC0EC420021FB3F /* SliderWidgetTests.xctest */ = {isa = PBXFileReference; explicitFileType = wrapper.cfbundle; includeInIndex = 0; path = SliderWidgetTests.xctest; sourceTree = BUILT_PRODUCTS_DIR; };
		79FBD5001AC0EC430021FB3F /* Info.plist */ = {isa = PBXFileReference; lastKnownFileType = text.plist.xml; path = Info.plist; sourceTree = "<group>"; };
		79FBD5011AC0EC430021FB3F /* SliderWidgetTests.swift */ = {isa = PBXFileReference; lastKnownFileType = sourcecode.swift; path = SliderWidgetTests.swift; sourceTree = "<group>"; };
		79FBD50F1AC0F1B00021FB3F /* Background@1x.png */ = {isa = PBXFileReference; lastKnownFileType = image.png; path = "Background@1x.png"; sourceTree = "<group>"; };
		79FBD5101AC0F1B00021FB3F /* Background@2x.png */ = {isa = PBXFileReference; lastKnownFileType = image.png; path = "Background@2x.png"; sourceTree = "<group>"; };
		79FBD5111AC0F1B00021FB3F /* Background@3x.png */ = {isa = PBXFileReference; lastKnownFileType = image.png; path = "Background@3x.png"; sourceTree = "<group>"; };
		79FBD5121AC0F1B00021FB3F /* ForegroundTicker.png */ = {isa = PBXFileReference; lastKnownFileType = image.png; path = ForegroundTicker.png; sourceTree = "<group>"; };
		79FBD5131AC0F1B00021FB3F /* ForegroundTicker@2x.png */ = {isa = PBXFileReference; lastKnownFileType = image.png; path = "ForegroundTicker@2x.png"; sourceTree = "<group>"; };
		79FBD5141AC0F1B00021FB3F /* ForegroundTicker@3x.png */ = {isa = PBXFileReference; lastKnownFileType = image.png; path = "ForegroundTicker@3x.png"; sourceTree = "<group>"; };
		79FBD5151AC0F1B00021FB3F /* Slider Marks.png */ = {isa = PBXFileReference; lastKnownFileType = image.png; path = "Slider Marks.png"; sourceTree = "<group>"; };
		79FBD5161AC0F1B00021FB3F /* Slider Marks@2x.png */ = {isa = PBXFileReference; lastKnownFileType = image.png; path = "Slider Marks@2x.png"; sourceTree = "<group>"; };
		79FBD5171AC0F1B00021FB3F /* Slider Marks@3x.png */ = {isa = PBXFileReference; lastKnownFileType = image.png; path = "Slider Marks@3x.png"; sourceTree = "<group>"; };
		79FBD5211AC113970021FB3F /* SliderWidget.swift */ = {isa = PBXFileReference; fileEncoding = 4; lastKnownFileType = sourcecode.swift; path = SliderWidget.swift; sourceTree = SOURCE_ROOT; };
		79FBD5231AC113B50021FB3F /* SliderWidget.xib */ = {isa = PBXFileReference; fileEncoding = 4; lastKnownFileType = file.xib; path = SliderWidget.xib; sourceTree = "<group>"; };
/* End PBXFileReference section */

/* Begin PBXFrameworksBuildPhase section */
		79FBD4E31AC0EC420021FB3F /* Frameworks */ = {
			isa = PBXFrameworksBuildPhase;
			buildActionMask = 2147483647;
			files = (
			);
			runOnlyForDeploymentPostprocessing = 0;
		};
		79FBD4F81AC0EC420021FB3F /* Frameworks */ = {
			isa = PBXFrameworksBuildPhase;
			buildActionMask = 2147483647;
			files = (
			);
			runOnlyForDeploymentPostprocessing = 0;
		};
/* End PBXFrameworksBuildPhase section */

/* Begin PBXGroup section */
		79FBD4DD1AC0EC420021FB3F = {
			isa = PBXGroup;
			children = (
				79FBD4E81AC0EC420021FB3F /* SliderWidget */,
				79FBD4FE1AC0EC430021FB3F /* SliderWidgetTests */,
				79FBD4E71AC0EC420021FB3F /* Products */,
			);
			sourceTree = "<group>";
		};
		79FBD4E71AC0EC420021FB3F /* Products */ = {
			isa = PBXGroup;
			children = (
				79FBD4E61AC0EC420021FB3F /* SliderWidget.app */,
				79FBD4FB1AC0EC420021FB3F /* SliderWidgetTests.xctest */,
			);
			name = Products;
			sourceTree = "<group>";
		};
		79FBD4E81AC0EC420021FB3F /* SliderWidget */ = {
			isa = PBXGroup;
			children = (
				79FBD4EB1AC0EC420021FB3F /* AppDelegate.swift */,
				79FBD4ED1AC0EC420021FB3F /* ViewController.swift */,
				79FBD5211AC113970021FB3F /* SliderWidget.swift */,
				79FBD5231AC113B50021FB3F /* SliderWidget.xib */,
				79FBD4EF1AC0EC420021FB3F /* Main.storyboard */,
				79FBD4F21AC0EC420021FB3F /* Images.xcassets */,
				79FBD50F1AC0F1B00021FB3F /* Background@1x.png */,
				79FBD5101AC0F1B00021FB3F /* Background@2x.png */,
				79FBD5111AC0F1B00021FB3F /* Background@3x.png */,
				79FBD5121AC0F1B00021FB3F /* ForegroundTicker.png */,
				79FBD5131AC0F1B00021FB3F /* ForegroundTicker@2x.png */,
				79FBD5141AC0F1B00021FB3F /* ForegroundTicker@3x.png */,
				79FBD5151AC0F1B00021FB3F /* Slider Marks.png */,
				79FBD5161AC0F1B00021FB3F /* Slider Marks@2x.png */,
				79FBD5171AC0F1B00021FB3F /* Slider Marks@3x.png */,
				79FBD4F41AC0EC420021FB3F /* LaunchScreen.xib */,
				79FBD4E91AC0EC420021FB3F /* Supporting Files */,
			);
			path = SliderWidget;
			sourceTree = "<group>";
		};
		79FBD4E91AC0EC420021FB3F /* Supporting Files */ = {
			isa = PBXGroup;
			children = (
				79FBD4EA1AC0EC420021FB3F /* Info.plist */,
			);
			name = "Supporting Files";
			sourceTree = "<group>";
		};
		79FBD4FE1AC0EC430021FB3F /* SliderWidgetTests */ = {
			isa = PBXGroup;
			children = (
				79FBD5011AC0EC430021FB3F /* SliderWidgetTests.swift */,
				79FBD4FF1AC0EC430021FB3F /* Supporting Files */,
			);
			path = SliderWidgetTests;
			sourceTree = "<group>";
		};
		79FBD4FF1AC0EC430021FB3F /* Supporting Files */ = {
			isa = PBXGroup;
			children = (
				79FBD5001AC0EC430021FB3F /* Info.plist */,
			);
			name = "Supporting Files";
			sourceTree = "<group>";
		};
/* End PBXGroup section */

/* Begin PBXNativeTarget section */
		79FBD4E51AC0EC420021FB3F /* SliderWidget */ = {
			isa = PBXNativeTarget;
			buildConfigurationList = 79FBD5051AC0EC430021FB3F /* Build configuration list for PBXNativeTarget "SliderWidget" */;
			buildPhases = (
				79FBD4E21AC0EC420021FB3F /* Sources */,
				79FBD4E31AC0EC420021FB3F /* Frameworks */,
				79FBD4E41AC0EC420021FB3F /* Resources */,
			);
			buildRules = (
			);
			dependencies = (
			);
			name = SliderWidget;
			productName = SliderWidget;
			productReference = 79FBD4E61AC0EC420021FB3F /* SliderWidget.app */;
			productType = "com.apple.product-type.application";
		};
		79FBD4FA1AC0EC420021FB3F /* SliderWidgetTests */ = {
			isa = PBXNativeTarget;
			buildConfigurationList = 79FBD5081AC0EC430021FB3F /* Build configuration list for PBXNativeTarget "SliderWidgetTests" */;
			buildPhases = (
				79FBD4F71AC0EC420021FB3F /* Sources */,
				79FBD4F81AC0EC420021FB3F /* Frameworks */,
				79FBD4F91AC0EC420021FB3F /* Resources */,
			);
			buildRules = (
			);
			dependencies = (
				79FBD4FD1AC0EC420021FB3F /* PBXTargetDependency */,
			);
			name = SliderWidgetTests;
			productName = SliderWidgetTests;
			productReference = 79FBD4FB1AC0EC420021FB3F /* SliderWidgetTests.xctest */;
			productType = "com.apple.product-type.bundle.unit-test";
		};
/* End PBXNativeTarget section */

/* Begin PBXProject section */
		79FBD4DE1AC0EC420021FB3F /* Project object */ = {
			isa = PBXProject;
			attributes = {
				LastUpgradeCheck = 0620;
				ORGANIZATIONNAME = UpEarly;
				TargetAttributes = {
					79FBD4E51AC0EC420021FB3F = {
						CreatedOnToolsVersion = 6.2;
					};
					79FBD4FA1AC0EC420021FB3F = {
						CreatedOnToolsVersion = 6.2;
						TestTargetID = 79FBD4E51AC0EC420021FB3F;
					};
				};
			};
			buildConfigurationList = 79FBD4E11AC0EC420021FB3F /* Build configuration list for PBXProject "SliderWidget" */;
			compatibilityVersion = "Xcode 3.2";
			developmentRegion = English;
			hasScannedForEncodings = 0;
			knownRegions = (
				en,
				Base,
			);
			mainGroup = 79FBD4DD1AC0EC420021FB3F;
			productRefGroup = 79FBD4E71AC0EC420021FB3F /* Products */;
			projectDirPath = "";
			projectRoot = "";
			targets = (
				79FBD4E51AC0EC420021FB3F /* SliderWidget */,
				79FBD4FA1AC0EC420021FB3F /* SliderWidgetTests */,
			);
		};
/* End PBXProject section */

/* Begin PBXResourcesBuildPhase section */
		79FBD4E41AC0EC420021FB3F /* Resources */ = {
			isa = PBXResourcesBuildPhase;
			buildActionMask = 2147483647;
			files = (
				79FBD5201AC0F1B00021FB3F /* Slider Marks@3x.png in Resources */,
				79FBD51A1AC0F1B00021FB3F /* Background@3x.png in Resources */,
				79FBD5191AC0F1B00021FB3F /* Background@2x.png in Resources */,
				79FBD5241AC113B50021FB3F /* SliderWidget.xib in Resources */,
				79FBD51D1AC0F1B00021FB3F /* ForegroundTicker@3x.png in Resources */,
				79FBD4F11AC0EC420021FB3F /* Main.storyboard in Resources */,
				79FBD51C1AC0F1B00021FB3F /* ForegroundTicker@2x.png in Resources */,
				79FBD51F1AC0F1B00021FB3F /* Slider Marks@2x.png in Resources */,
				79FBD51E1AC0F1B00021FB3F /* Slider Marks.png in Resources */,
				79FBD4F61AC0EC420021FB3F /* LaunchScreen.xib in Resources */,
				79FBD51B1AC0F1B00021FB3F /* ForegroundTicker.png in Resources */,
				79FBD5181AC0F1B00021FB3F /* Background@1x.png in Resources */,
				79FBD4F31AC0EC420021FB3F /* Images.xcassets in Resources */,
			);
			runOnlyForDeploymentPostprocessing = 0;
		};
		79FBD4F91AC0EC420021FB3F /* Resources */ = {
			isa = PBXResourcesBuildPhase;
			buildActionMask = 2147483647;
			files = (
			);
			runOnlyForDeploymentPostprocessing = 0;
		};
/* End PBXResourcesBuildPhase section */

/* Begin PBXSourcesBuildPhase section */
		79FBD4E21AC0EC420021FB3F /* Sources */ = {
			isa = PBXSourcesBuildPhase;
			buildActionMask = 2147483647;
			files = (
				79FBD4EE1AC0EC420021FB3F /* ViewController.swift in Sources */,
				79FBD5221AC113970021FB3F /* SliderWidget.swift in Sources */,
				79FBD4EC1AC0EC420021FB3F /* AppDelegate.swift in Sources */,
			);
			runOnlyForDeploymentPostprocessing = 0;
		};
		79FBD4F71AC0EC420021FB3F /* Sources */ = {
			isa = PBXSourcesBuildPhase;
			buildActionMask = 2147483647;
			files = (
				79FBD5021AC0EC430021FB3F /* SliderWidgetTests.swift in Sources */,
			);
			runOnlyForDeploymentPostprocessing = 0;
		};
/* End PBXSourcesBuildPhase section */

/* Begin PBXTargetDependency section */
		79FBD4FD1AC0EC420021FB3F /* PBXTargetDependency */ = {
			isa = PBXTargetDependency;
			target = 79FBD4E51AC0EC420021FB3F /* SliderWidget */;
			targetProxy = 79FBD4FC1AC0EC420021FB3F /* PBXContainerItemProxy */;
		};
/* End PBXTargetDependency section */

/* Begin PBXVariantGroup section */
		79FBD4EF1AC0EC420021FB3F /* Main.storyboard */ = {
			isa = PBXVariantGroup;
			children = (
				79FBD4F01AC0EC420021FB3F /* Base */,
			);
			name = Main.storyboard;
			sourceTree = "<group>";
		};
		79FBD4F41AC0EC420021FB3F /* LaunchScreen.xib */ = {
			isa = PBXVariantGroup;
			children = (
				79FBD4F51AC0EC420021FB3F /* Base */,
			);
			name = LaunchScreen.xib;
			sourceTree = "<group>";
		};
/* End PBXVariantGroup section */

/* Begin XCBuildConfiguration section */
		79FBD5031AC0EC430021FB3F /* Debug */ = {
			isa = XCBuildConfiguration;
			buildSettings = {
				ALWAYS_SEARCH_USER_PATHS = NO;
				CLANG_CXX_LANGUAGE_STANDARD = "gnu++0x";
				CLANG_CXX_LIBRARY = "libc++";
				CLANG_ENABLE_MODULES = YES;
				CLANG_ENABLE_OBJC_ARC = YES;
				CLANG_WARN_BOOL_CONVERSION = YES;
				CLANG_WARN_CONSTANT_CONVERSION = YES;
				CLANG_WARN_DIRECT_OBJC_ISA_USAGE = YES_ERROR;
				CLANG_WARN_EMPTY_BODY = YES;
				CLANG_WARN_ENUM_CONVERSION = YES;
				CLANG_WARN_INT_CONVERSION = YES;
				CLANG_WARN_OBJC_ROOT_CLASS = YES_ERROR;
				CLANG_WARN_UNREACHABLE_CODE = YES;
				CLANG_WARN__DUPLICATE_METHOD_MATCH = YES;
				"CODE_SIGN_IDENTITY[sdk=iphoneos*]" = "iPhone Developer";
				COPY_PHASE_STRIP = NO;
				ENABLE_STRICT_OBJC_MSGSEND = YES;
				GCC_C_LANGUAGE_STANDARD = gnu99;
				GCC_DYNAMIC_NO_PIC = NO;
				GCC_OPTIMIZATION_LEVEL = 0;
				GCC_PREPROCESSOR_DEFINITIONS = (
					"DEBUG=1",
					"$(inherited)",
				);
				GCC_SYMBOLS_PRIVATE_EXTERN = NO;
				GCC_WARN_64_TO_32_BIT_CONVERSION = YES;
				GCC_WARN_ABOUT_RETURN_TYPE = YES_ERROR;
				GCC_WARN_UNDECLARED_SELECTOR = YES;
				GCC_WARN_UNINITIALIZED_AUTOS = YES_AGGRESSIVE;
				GCC_WARN_UNUSED_FUNCTION = YES;
				GCC_WARN_UNUSED_VARIABLE = YES;
				IPHONEOS_DEPLOYMENT_TARGET = 8.2;
				MTL_ENABLE_DEBUG_INFO = YES;
				ONLY_ACTIVE_ARCH = YES;
				SDKROOT = iphoneos;
				SWIFT_OPTIMIZATION_LEVEL = "-Onone";
				TARGETED_DEVICE_FAMILY = "1,2";
			};
			name = Debug;
		};
		79FBD5041AC0EC430021FB3F /* Release */ = {
			isa = XCBuildConfiguration;
			buildSettings = {
				ALWAYS_SEARCH_USER_PATHS = NO;
				CLANG_CXX_LANGUAGE_STANDARD = "gnu++0x";
				CLANG_CXX_LIBRARY = "libc++";
				CLANG_ENABLE_MODULES = YES;
				CLANG_ENABLE_OBJC_ARC = YES;
				CLANG_WARN_BOOL_CONVERSION = YES;
				CLANG_WARN_CONSTANT_CONVERSION = YES;
				CLANG_WARN_DIRECT_OBJC_ISA_USAGE = YES_ERROR;
				CLANG_WARN_EMPTY_BODY = YES;
				CLANG_WARN_ENUM_CONVERSION = YES;
				CLANG_WARN_INT_CONVERSION = YES;
				CLANG_WARN_OBJC_ROOT_CLASS = YES_ERROR;
				CLANG_WARN_UNREACHABLE_CODE = YES;
				CLANG_WARN__DUPLICATE_METHOD_MATCH = YES;
				"CODE_SIGN_IDENTITY[sdk=iphoneos*]" = "iPhone Developer";
				COPY_PHASE_STRIP = NO;
				ENABLE_NS_ASSERTIONS = NO;
				ENABLE_STRICT_OBJC_MSGSEND = YES;
				GCC_C_LANGUAGE_STANDARD = gnu99;
				GCC_WARN_64_TO_32_BIT_CONVERSION = YES;
				GCC_WARN_ABOUT_RETURN_TYPE = YES_ERROR;
				GCC_WARN_UNDECLARED_SELECTOR = YES;
				GCC_WARN_UNINITIALIZED_AUTOS = YES_AGGRESSIVE;
				GCC_WARN_UNUSED_FUNCTION = YES;
				GCC_WARN_UNUSED_VARIABLE = YES;
				IPHONEOS_DEPLOYMENT_TARGET = 8.2;
				MTL_ENABLE_DEBUG_INFO = NO;
				SDKROOT = iphoneos;
				TARGETED_DEVICE_FAMILY = "1,2";
				VALIDATE_PRODUCT = YES;
			};
			name = Release;
		};
		79FBD5061AC0EC430021FB3F /* Debug */ = {
			isa = XCBuildConfiguration;
			buildSettings = {
				ASSETCATALOG_COMPILER_APPICON_NAME = AppIcon;
				INFOPLIST_FILE = SliderWidget/Info.plist;
				LD_RUNPATH_SEARCH_PATHS = "$(inherited) @executable_path/Frameworks";
				PRODUCT_NAME = "$(TARGET_NAME)";
			};
			name = Debug;
		};
		79FBD5071AC0EC430021FB3F /* Release */ = {
			isa = XCBuildConfiguration;
			buildSettings = {
				ASSETCATALOG_COMPILER_APPICON_NAME = AppIcon;
				INFOPLIST_FILE = SliderWidget/Info.plist;
				LD_RUNPATH_SEARCH_PATHS = "$(inherited) @executable_path/Frameworks";
				PRODUCT_NAME = "$(TARGET_NAME)";
			};
			name = Release;
		};
		79FBD5091AC0EC430021FB3F /* Debug */ = {
			isa = XCBuildConfiguration;
			buildSettings = {
				BUNDLE_LOADER = "$(TEST_HOST)";
				FRAMEWORK_SEARCH_PATHS = (
					"$(SDKROOT)/Developer/Library/Frameworks",
					"$(inherited)",
				);
				GCC_PREPROCESSOR_DEFINITIONS = (
					"DEBUG=1",
					"$(inherited)",
				);
				INFOPLIST_FILE = SliderWidgetTests/Info.plist;
				LD_RUNPATH_SEARCH_PATHS = "$(inherited) @executable_path/Frameworks @loader_path/Frameworks";
				PRODUCT_NAME = "$(TARGET_NAME)";
				TEST_HOST = "$(BUILT_PRODUCTS_DIR)/SliderWidget.app/SliderWidget";
			};
			name = Debug;
		};
		79FBD50A1AC0EC430021FB3F /* Release */ = {
			isa = XCBuildConfiguration;
			buildSettings = {
				BUNDLE_LOADER = "$(TEST_HOST)";
				FRAMEWORK_SEARCH_PATHS = (
					"$(SDKROOT)/Developer/Library/Frameworks",
					"$(inherited)",
				);
				INFOPLIST_FILE = SliderWidgetTests/Info.plist;
				LD_RUNPATH_SEARCH_PATHS = "$(inherited) @executable_path/Frameworks @loader_path/Frameworks";
				PRODUCT_NAME = "$(TARGET_NAME)";
				TEST_HOST = "$(BUILT_PRODUCTS_DIR)/SliderWidget.app/SliderWidget";
			};
			name = Release;
		};
/* End XCBuildConfiguration section */

/* Begin XCConfigurationList section */
		79FBD4E11AC0EC420021FB3F /* Build configuration list for PBXProject "SliderWidget" */ = {
			isa = XCConfigurationList;
			buildConfigurations = (
				79FBD5031AC0EC430021FB3F /* Debug */,
				79FBD5041AC0EC430021FB3F /* Release */,
			);
			defaultConfigurationIsVisible = 0;
			defaultConfigurationName = Release;
		};
		79FBD5051AC0EC430021FB3F /* Build configuration list for PBXNativeTarget "SliderWidget" */ = {
			isa = XCConfigurationList;
			buildConfigurations = (
				79FBD5061AC0EC430021FB3F /* Debug */,
				79FBD5071AC0EC430021FB3F /* Release */,
			);
			defaultConfigurationIsVisible = 0;
			defaultConfigurationName = Release;
		};
		79FBD5081AC0EC430021FB3F /* Build configuration list for PBXNativeTarget "SliderWidgetTests" */ = {
			isa = XCConfigurationList;
			buildConfigurations = (
				79FBD5091AC0EC430021FB3F /* Debug */,
				79FBD50A1AC0EC430021FB3F /* Release */,
			);
			defaultConfigurationIsVisible = 0;
			defaultConfigurationName = Release;
		};
/* End XCConfigurationList section */
	};
	rootObject = 79FBD4DE1AC0EC420021FB3F /* Project object */;
}
